
Microsoft Visual Studio Solution File, Format Version 12.00
# Visual Studio Version 16
VisualStudioVersion = 16.0.33801.447
MinimumVisualStudioVersion = 10.0.40219.1
Project("{9A19103F-16F7-4668-BE54-9A1E7A4F7556}") = "PatriciasBookStore", "PatriciasBookStore\PatriciasBookStore.csproj", "{FAEB9C14-9C74-44CD-B6EC-2AEC8A2BAB69}"
EndProject
Project("{FAE04EC0-301F-11D3-BF4B-00C04F79EFBC}") = "PatriciasBooks.DataAccess", "PatriciasBooks.DataAccess\PatriciasBooks.DataAccess.csproj", "{77D21B36-0C1F-42F3-BBAF-7353FD32BB94}"
EndProject
Project("{FAE04EC0-301F-11D3-BF4B-00C04F79EFBC}") = "PatriciasBooks.Models", "PatriciasBooks.Models\PatriciasBooks.Models.csproj", "{24069675-A4AB-466B-9423-138E25640B71}"
EndProject
Project("{FAE04EC0-301F-11D3-BF4B-00C04F79EFBC}") = "PatriciasBooks.Utility", "PatriciasBooks.Utility\PatriciasBooks.Utility.csproj", "{D00D4036-0456-4F78-B4D6-C132C64336A0}"
EndProject
Global
	GlobalSection(SolutionConfigurationPlatforms) = preSolution
		Debug|Any CPU = Debug|Any CPU
		Release|Any CPU = Release|Any CPU
	EndGlobalSection
	GlobalSection(ProjectConfigurationPlatforms) = postSolution
		{FAEB9C14-9C74-44CD-B6EC-2AEC8A2BAB69}.Debug|Any CPU.ActiveCfg = Debug|Any CPU
		{FAEB9C14-9C74-44CD-B6EC-2AEC8A2BAB69}.Debug|Any CPU.Build.0 = Debug|Any CPU
		{FAEB9C14-9C74-44CD-B6EC-2AEC8A2BAB69}.Release|Any CPU.ActiveCfg = Release|Any CPU
		{FAEB9C14-9C74-44CD-B6EC-2AEC8A2BAB69}.Release|Any CPU.Build.0 = Release|Any CPU
		{77D21B36-0C1F-42F3-BBAF-7353FD32BB94}.Debug|Any CPU.ActiveCfg = Debug|Any CPU
		{77D21B36-0C1F-42F3-BBAF-7353FD32BB94}.Debug|Any CPU.Build.0 = Debug|Any CPU
		{77D21B36-0C1F-42F3-BBAF-7353FD32BB94}.Release|Any CPU.ActiveCfg = Release|Any CPU
		{77D21B36-0C1F-42F3-BBAF-7353FD32BB94}.Release|Any CPU.Build.0 = Release|Any CPU
		{24069675-A4AB-466B-9423-138E25640B71}.Debug|Any CPU.ActiveCfg = Debug|Any CPU
		{24069675-A4AB-466B-9423-138E25640B71}.Debug|Any CPU.Build.0 = Debug|Any CPU
		{24069675-A4AB-466B-9423-138E25640B71}.Release|Any CPU.ActiveCfg = Release|Any CPU
		{24069675-A4AB-466B-9423-138E25640B71}.Release|Any CPU.Build.0 = Release|Any CPU
		{D00D4036-0456-4F78-B4D6-C132C64336A0}.Debug|Any CPU.ActiveCfg = Debug|Any CPU
		{D00D4036-0456-4F78-B4D6-C132C64336A0}.Debug|Any CPU.Build.0 = Debug|Any CPU
		{D00D4036-0456-4F78-B4D6-C132C64336A0}.Release|Any CPU.ActiveCfg = Release|Any CPU
		{D00D4036-0456-4F78-B4D6-C132C64336A0}.Release|Any CPU.Build.0 = Release|Any CPU
	EndGlobalSection
	GlobalSection(SolutionProperties) = preSolution
		HideSolutionNode = FALSE
	EndGlobalSection
	GlobalSection(ExtensibilityGlobals) = postSolution
		SolutionGuid = {450F2396-EC72-43F8-8068-BD49BE9E0169}
	EndGlobalSection
EndGlobal
